
Microsoft Visual Studio Solution File, Format Version 12.00
# Visual Studio Version 16
VisualStudioVersion = 16.0.30320.27
MinimumVisualStudioVersion = 10.0.40219.1
Project("{2150E333-8FDC-42A3-9474-1A3956D46DE8}") = "AprajitaRetailsNext.Core", "AprajitaRetailsNext.Core", "{42D9354E-81D9-4750-91DB-58B8BBA476C4}"
EndProject
Project("{FAE04EC0-301F-11D3-BF4B-00C04F79EFBC}") = "AprajitaRetailsNext.Core", "AprajitaRetailsNext\AprajitaRetailsNext.Core\AprajitaRetailsNext.Core\AprajitaRetailsNext.Core.csproj", "{43EF02AA-3957-4D3C-8431-ADE032B28D56}"
EndProject
Project("{2150E333-8FDC-42A3-9474-1A3956D46DE8}") = "AprajitaRetailsNext.ML", "AprajitaRetailsNext.ML", "{81432737-1923-4F57-B38E-2802C1188ABB}"
EndProject
Project("{FAE04EC0-301F-11D3-BF4B-00C04F79EFBC}") = "AprajitaRetailsNext.ML.Train", "AprajitaRetailsNext\AprajitaRetailsNext.ML\AprajitaRetailsNext.ML.Train\AprajitaRetailsNext.ML.Train.csproj", "{7197412B-5DA8-481C-BC0B-92FBF10B15F2}"
EndProject
Project("{FAE04EC0-301F-11D3-BF4B-00C04F79EFBC}") = "AprajitaRetailsNext.ML.Consume", "AprajitaRetailsNext\AprajitaRetailsNext.ML\AprajitaRetailsNext.ML.Consume\AprajitaRetailsNext.ML.Consume.csproj", "{B07601BE-1700-4DF7-9DC5-5A097626B671}"
EndProject
Project("{2150E333-8FDC-42A3-9474-1A3956D46DE8}") = "AprajitaRetailsNext.Mobile", "AprajitaRetailsNext.Mobile", "{558D3F5D-E737-4219-89DF-946A9E69D778}"
EndProject
Project("{FAE04EC0-301F-11D3-BF4B-00C04F79EFBC}") = "AprajitaRetailsNext.Mobile.Shared", "AprajitaRetailsNext\AprajitaRetailsNext.Mobile\AprajitaRetailsNext.Mobile.Shared\AprajitaRetailsNext.Mobile.Shared.csproj", "{14811F2C-F3DE-4638-95FD-F74A6C20FDAB}"
EndProject
Project("{FAE04EC0-301F-11D3-BF4B-00C04F79EFBC}") = "AprajitaRetailsNext.Mobile.Android", "AprajitaRetailsNext\AprajitaRetailsNext.Mobile\AprajitaRetailsNext.Mobile.Android\AprajitaRetailsNext.Mobile.Android.csproj", "{9AE095ED-B03F-457F-8D74-BE13BB3671B5}"
EndProject
Project("{FAE04EC0-301F-11D3-BF4B-00C04F79EFBC}") = "AprajitaRetailsNext.Mobile.iOS", "AprajitaRetailsNext\AprajitaRetailsNext.Mobile\AprajitaRetailsNext.Mobile.iOS\AprajitaRetailsNext.Mobile.iOS.csproj", "{163D8E41-9144-4EAC-80EB-C3A3ACE05353}"
EndProject
Project("{FAE04EC0-301F-11D3-BF4B-00C04F79EFBC}") = "AprajitaRetailsNext.Mobile.Tizen", "AprajitaRetailsNext\AprajitaRetailsNext.Mobile\AprajitaRetailsNext.Mobile.Tizen\AprajitaRetailsNext.Mobile.Tizen.csproj", "{D1E128AD-9A09-4CBE-A27C-1CEBCABD64ED}"
EndProject
Project("{2150E333-8FDC-42A3-9474-1A3956D46DE8}") = "AprajitaRetailsNext.Desktop", "AprajitaRetailsNext.Desktop", "{9D0A634D-30F3-46C8-86B3-748F18186722}"
EndProject
Project("{FAE04EC0-301F-11D3-BF4B-00C04F79EFBC}") = "AprajitaRetailsNext.Desktop.WinForms", "AprajitaRetailsNext\AprajitaRetailsNext.Desktop\AprajitaRetailsNext.Desktop.WinForms\AprajitaRetailsNext.Desktop.WinForms.csproj", "{EFAD28DE-0A70-443E-BF28-D03CF71BFDC2}"
EndProject
Project("{FAE04EC0-301F-11D3-BF4B-00C04F79EFBC}") = "AprajitaRetailsNext.Desktop.WPF", "AprajitaRetailsNext\AprajitaRetailsNext.Desktop\AprajitaRetailsNext.Desktop.WPF\AprajitaRetailsNext.Desktop.WPF.csproj", "{E6849B8F-54CE-44DD-956C-3F822FDCDFF0}"
EndProject
Project("{2150E333-8FDC-42A3-9474-1A3956D46DE8}") = "AprajitaRetailsNext.Test", "AprajitaRetailsNext.Test", "{3F3073EF-88EC-414D-B91F-641AA621C861}"
EndProject
Project("{FAE04EC0-301F-11D3-BF4B-00C04F79EFBC}") = "AprajitaRetailsNext.Core.UnitTest", "AprajitaRetailsNext\AprajitaRetailsNext.Test\AprajitaRetailsNext.Core.UnitTest\AprajitaRetailsNext.Core.UnitTest.csproj", "{3CAB491C-938D-43E6-AD79-94E2A3B07FD0}"
EndProject
Project("{FAE04EC0-301F-11D3-BF4B-00C04F79EFBC}") = "AprajitaRetailsNext.Web.UnitTest", "AprajitaRetailsNext\AprajitaRetailsNext.Test\AprajitaRetailsNext.Web.UnitTest\AprajitaRetailsNext.Web.UnitTest.csproj", "{4ED6E538-70B0-4A6D-B2F2-39DB3F0C0DC6}"
EndProject
Project("{FAE04EC0-301F-11D3-BF4B-00C04F79EFBC}") = "AprajitaRetailsNext.Mobile.Shared.UITest", "AprajitaRetailsNext\AprajitaRetailsNext.Test\AprajitaRetailsNext.Mobile.Shared.UITest\AprajitaRetailsNext.Mobile.Shared.UITest.csproj", "{A4C9E7A4-DD52-4ED5-B703-83F9CE97784D}"
EndProject
Project("{2150E333-8FDC-42A3-9474-1A3956D46DE8}") = "AprajitaRetailsNext.Web", "AprajitaRetailsNext.Web", "{543A5D9F-36C3-459D-8EF5-A2D102D0050C}"
EndProject
Project("{FAE04EC0-301F-11D3-BF4B-00C04F79EFBC}") = "AprajitaRetailsNext.Web", "AprajitaRetailsNext\AprajitaRetailsNext.Web\AprajitaRetailsNext.Web\AprajitaRetailsNext.Web.csproj", "{D116EA8A-D4DE-4A41-A8B0-736C995B2CF7}"
EndProject
Project("{FAE04EC0-301F-11D3-BF4B-00C04F79EFBC}") = "AprajitaRetailsNext.Web.Static", "AprajitaRetailsNext\AprajitaRetailsNext.Web\AprajitaRetailsNext.Web.Static\AprajitaRetailsNext.Web.Static.csproj", "{D96CC9E4-5055-4FC9-8393-43AF5B760E70}"
EndProject
Global
	GlobalSection(SolutionConfigurationPlatforms) = preSolution
		Ad-Hoc|Any CPU = Ad-Hoc|Any CPU
		Ad-Hoc|iPhone = Ad-Hoc|iPhone
		Ad-Hoc|iPhoneSimulator = Ad-Hoc|iPhoneSimulator
		AppStore|Any CPU = AppStore|Any CPU
		AppStore|iPhone = AppStore|iPhone
		AppStore|iPhoneSimulator = AppStore|iPhoneSimulator
		Debug|Any CPU = Debug|Any CPU
		Debug|iPhone = Debug|iPhone
		Debug|iPhoneSimulator = Debug|iPhoneSimulator
		Release|Any CPU = Release|Any CPU
		Release|iPhone = Release|iPhone
		Release|iPhoneSimulator = Release|iPhoneSimulator
	EndGlobalSection
	GlobalSection(ProjectConfigurationPlatforms) = postSolution
		{43EF02AA-3957-4D3C-8431-ADE032B28D56}.Ad-Hoc|Any CPU.ActiveCfg = Debug|Any CPU
		{43EF02AA-3957-4D3C-8431-ADE032B28D56}.Ad-Hoc|Any CPU.Build.0 = Debug|Any CPU
		{43EF02AA-3957-4D3C-8431-ADE032B28D56}.Ad-Hoc|iPhone.ActiveCfg = Debug|Any CPU
		{43EF02AA-3957-4D3C-8431-ADE032B28D56}.Ad-Hoc|iPhone.Build.0 = Debug|Any CPU
		{43EF02AA-3957-4D3C-8431-ADE032B28D56}.Ad-Hoc|iPhoneSimulator.ActiveCfg = Debug|Any CPU
		{43EF02AA-3957-4D3C-8431-ADE032B28D56}.Ad-Hoc|iPhoneSimulator.Build.0 = Debug|Any CPU
		{43EF02AA-3957-4D3C-8431-ADE032B28D56}.AppStore|Any CPU.ActiveCfg = Debug|Any CPU
		{43EF02AA-3957-4D3C-8431-ADE032B28D56}.AppStore|Any CPU.Build.0 = Debug|Any CPU
		{43EF02AA-3957-4D3C-8431-ADE032B28D56}.AppStore|iPhone.ActiveCfg = Debug|Any CPU
		{43EF02AA-3957-4D3C-8431-ADE032B28D56}.AppStore|iPhone.Build.0 = Debug|Any CPU
		{43EF02AA-3957-4D3C-8431-ADE032B28D56}.AppStore|iPhoneSimulator.ActiveCfg = Debug|Any CPU
		{43EF02AA-3957-4D3C-8431-ADE032B28D56}.AppStore|iPhoneSimulator.Build.0 = Debug|Any CPU
		{43EF02AA-3957-4D3C-8431-ADE032B28D56}.Debug|Any CPU.ActiveCfg = Debug|Any CPU
		{43EF02AA-3957-4D3C-8431-ADE032B28D56}.Debug|Any CPU.Build.0 = Debug|Any CPU
		{43EF02AA-3957-4D3C-8431-ADE032B28D56}.Debug|iPhone.ActiveCfg = Debug|Any CPU
		{43EF02AA-3957-4D3C-8431-ADE032B28D56}.Debug|iPhone.Build.0 = Debug|Any CPU
		{43EF02AA-3957-4D3C-8431-ADE032B28D56}.Debug|iPhoneSimulator.ActiveCfg = Debug|Any CPU
		{43EF02AA-3957-4D3C-8431-ADE032B28D56}.Debug|iPhoneSimulator.Build.0 = Debug|Any CPU
		{43EF02AA-3957-4D3C-8431-ADE032B28D56}.Release|Any CPU.ActiveCfg = Release|Any CPU
		{43EF02AA-3957-4D3C-8431-ADE032B28D56}.Release|Any CPU.Build.0 = Release|Any CPU
		{43EF02AA-3957-4D3C-8431-ADE032B28D56}.Release|iPhone.ActiveCfg = Release|Any CPU
		{43EF02AA-3957-4D3C-8431-ADE032B28D56}.Release|iPhone.Build.0 = Release|Any CPU
		{43EF02AA-3957-4D3C-8431-ADE032B28D56}.Release|iPhoneSimulator.ActiveCfg = Release|Any CPU
		{43EF02AA-3957-4D3C-8431-ADE032B28D56}.Release|iPhoneSimulator.Build.0 = Release|Any CPU
		{7197412B-5DA8-481C-BC0B-92FBF10B15F2}.Ad-Hoc|Any CPU.ActiveCfg = Debug|Any CPU
		{7197412B-5DA8-481C-BC0B-92FBF10B15F2}.Ad-Hoc|Any CPU.Build.0 = Debug|Any CPU
		{7197412B-5DA8-481C-BC0B-92FBF10B15F2}.Ad-Hoc|iPhone.ActiveCfg = Debug|Any CPU
		{7197412B-5DA8-481C-BC0B-92FBF10B15F2}.Ad-Hoc|iPhone.Build.0 = Debug|Any CPU
		{7197412B-5DA8-481C-BC0B-92FBF10B15F2}.Ad-Hoc|iPhoneSimulator.ActiveCfg = Debug|Any CPU
		{7197412B-5DA8-481C-BC0B-92FBF10B15F2}.Ad-Hoc|iPhoneSimulator.Build.0 = Debug|Any CPU
		{7197412B-5DA8-481C-BC0B-92FBF10B15F2}.AppStore|Any CPU.ActiveCfg = Debug|Any CPU
		{7197412B-5DA8-481C-BC0B-92FBF10B15F2}.AppStore|Any CPU.Build.0 = Debug|Any CPU
		{7197412B-5DA8-481C-BC0B-92FBF10B15F2}.AppStore|iPhone.ActiveCfg = Debug|Any CPU
		{7197412B-5DA8-481C-BC0B-92FBF10B15F2}.AppStore|iPhone.Build.0 = Debug|Any CPU
		{7197412B-5DA8-481C-BC0B-92FBF10B15F2}.AppStore|iPhoneSimulator.ActiveCfg = Debug|Any CPU
		{7197412B-5DA8-481C-BC0B-92FBF10B15F2}.AppStore|iPhoneSimulator.Build.0 = Debug|Any CPU
		{7197412B-5DA8-481C-BC0B-92FBF10B15F2}.Debug|Any CPU.ActiveCfg = Debug|Any CPU
		{7197412B-5DA8-481C-BC0B-92FBF10B15F2}.Debug|Any CPU.Build.0 = Debug|Any CPU
		{7197412B-5DA8-481C-BC0B-92FBF10B15F2}.Debug|iPhone.ActiveCfg = Debug|Any CPU
		{7197412B-5DA8-481C-BC0B-92FBF10B15F2}.Debug|iPhone.Build.0 = Debug|Any CPU
		{7197412B-5DA8-481C-BC0B-92FBF10B15F2}.Debug|iPhoneSimulator.ActiveCfg = Debug|Any CPU
		{7197412B-5DA8-481C-BC0B-92FBF10B15F2}.Debug|iPhoneSimulator.Build.0 = Debug|Any CPU
		{7197412B-5DA8-481C-BC0B-92FBF10B15F2}.Release|Any CPU.ActiveCfg = Release|Any CPU
		{7197412B-5DA8-481C-BC0B-92FBF10B15F2}.Release|Any CPU.Build.0 = Release|Any CPU
		{7197412B-5DA8-481C-BC0B-92FBF10B15F2}.Release|iPhone.ActiveCfg = Release|Any CPU
		{7197412B-5DA8-481C-BC0B-92FBF10B15F2}.Release|iPhone.Build.0 = Release|Any CPU
		{7197412B-5DA8-481C-BC0B-92FBF10B15F2}.Release|iPhoneSimulator.ActiveCfg = Release|Any CPU
		{7197412B-5DA8-481C-BC0B-92FBF10B15F2}.Release|iPhoneSimulator.Build.0 = Release|Any CPU
		{B07601BE-1700-4DF7-9DC5-5A097626B671}.Ad-Hoc|Any CPU.ActiveCfg = Debug|Any CPU
		{B07601BE-1700-4DF7-9DC5-5A097626B671}.Ad-Hoc|Any CPU.Build.0 = Debug|Any CPU
		{B07601BE-1700-4DF7-9DC5-5A097626B671}.Ad-Hoc|iPhone.ActiveCfg = Debug|Any CPU
		{B07601BE-1700-4DF7-9DC5-5A097626B671}.Ad-Hoc|iPhone.Build.0 = Debug|Any CPU
		{B07601BE-1700-4DF7-9DC5-5A097626B671}.Ad-Hoc|iPhoneSimulator.ActiveCfg = Debug|Any CPU
		{B07601BE-1700-4DF7-9DC5-5A097626B671}.Ad-Hoc|iPhoneSimulator.Build.0 = Debug|Any CPU
		{B07601BE-1700-4DF7-9DC5-5A097626B671}.AppStore|Any CPU.ActiveCfg = Debug|Any CPU
		{B07601BE-1700-4DF7-9DC5-5A097626B671}.AppStore|Any CPU.Build.0 = Debug|Any CPU
		{B07601BE-1700-4DF7-9DC5-5A097626B671}.AppStore|iPhone.ActiveCfg = Debug|Any CPU
		{B07601BE-1700-4DF7-9DC5-5A097626B671}.AppStore|iPhone.Build.0 = Debug|Any CPU
		{B07601BE-1700-4DF7-9DC5-5A097626B671}.AppStore|iPhoneSimulator.ActiveCfg = Debug|Any CPU
		{B07601BE-1700-4DF7-9DC5-5A097626B671}.AppStore|iPhoneSimulator.Build.0 = Debug|Any CPU
		{B07601BE-1700-4DF7-9DC5-5A097626B671}.Debug|Any CPU.ActiveCfg = Debug|Any CPU
		{B07601BE-1700-4DF7-9DC5-5A097626B671}.Debug|Any CPU.Build.0 = Debug|Any CPU
		{B07601BE-1700-4DF7-9DC5-5A097626B671}.Debug|iPhone.ActiveCfg = Debug|Any CPU
		{B07601BE-1700-4DF7-9DC5-5A097626B671}.Debug|iPhone.Build.0 = Debug|Any CPU
		{B07601BE-1700-4DF7-9DC5-5A097626B671}.Debug|iPhoneSimulator.ActiveCfg = Debug|Any CPU
		{B07601BE-1700-4DF7-9DC5-5A097626B671}.Debug|iPhoneSimulator.Build.0 = Debug|Any CPU
		{B07601BE-1700-4DF7-9DC5-5A097626B671}.Release|Any CPU.ActiveCfg = Release|Any CPU
		{B07601BE-1700-4DF7-9DC5-5A097626B671}.Release|Any CPU.Build.0 = Release|Any CPU
		{B07601BE-1700-4DF7-9DC5-5A097626B671}.Release|iPhone.ActiveCfg = Release|Any CPU
		{B07601BE-1700-4DF7-9DC5-5A097626B671}.Release|iPhone.Build.0 = Release|Any CPU
		{B07601BE-1700-4DF7-9DC5-5A097626B671}.Release|iPhoneSimulator.ActiveCfg = Release|Any CPU
		{B07601BE-1700-4DF7-9DC5-5A097626B671}.Release|iPhoneSimulator.Build.0 = Release|Any CPU
		{14811F2C-F3DE-4638-95FD-F74A6C20FDAB}.Ad-Hoc|Any CPU.ActiveCfg = Debug|Any CPU
		{14811F2C-F3DE-4638-95FD-F74A6C20FDAB}.Ad-Hoc|Any CPU.Build.0 = Debug|Any CPU
		{14811F2C-F3DE-4638-95FD-F74A6C20FDAB}.Ad-Hoc|iPhone.ActiveCfg = Debug|Any CPU
		{14811F2C-F3DE-4638-95FD-F74A6C20FDAB}.Ad-Hoc|iPhone.Build.0 = Debug|Any CPU
		{14811F2C-F3DE-4638-95FD-F74A6C20FDAB}.Ad-Hoc|iPhoneSimulator.ActiveCfg = Debug|Any CPU
		{14811F2C-F3DE-4638-95FD-F74A6C20FDAB}.Ad-Hoc|iPhoneSimulator.Build.0 = Debug|Any CPU
		{14811F2C-F3DE-4638-95FD-F74A6C20FDAB}.AppStore|Any CPU.ActiveCfg = Debug|Any CPU
		{14811F2C-F3DE-4638-95FD-F74A6C20FDAB}.AppStore|Any CPU.Build.0 = Debug|Any CPU
		{14811F2C-F3DE-4638-95FD-F74A6C20FDAB}.AppStore|iPhone.ActiveCfg = Debug|Any CPU
		{14811F2C-F3DE-4638-95FD-F74A6C20FDAB}.AppStore|iPhone.Build.0 = Debug|Any CPU
		{14811F2C-F3DE-4638-95FD-F74A6C20FDAB}.AppStore|iPhoneSimulator.ActiveCfg = Debug|Any CPU
		{14811F2C-F3DE-4638-95FD-F74A6C20FDAB}.AppStore|iPhoneSimulator.Build.0 = Debug|Any CPU
		{14811F2C-F3DE-4638-95FD-F74A6C20FDAB}.Debug|Any CPU.ActiveCfg = Debug|Any CPU
		{14811F2C-F3DE-4638-95FD-F74A6C20FDAB}.Debug|Any CPU.Build.0 = Debug|Any CPU
		{14811F2C-F3DE-4638-95FD-F74A6C20FDAB}.Debug|iPhone.ActiveCfg = Debug|Any CPU
		{14811F2C-F3DE-4638-95FD-F74A6C20FDAB}.Debug|iPhone.Build.0 = Debug|Any CPU
		{14811F2C-F3DE-4638-95FD-F74A6C20FDAB}.Debug|iPhoneSimulator.ActiveCfg = Debug|Any CPU
		{14811F2C-F3DE-4638-95FD-F74A6C20FDAB}.Debug|iPhoneSimulator.Build.0 = Debug|Any CPU
		{14811F2C-F3DE-4638-95FD-F74A6C20FDAB}.Release|Any CPU.ActiveCfg = Release|Any CPU
		{14811F2C-F3DE-4638-95FD-F74A6C20FDAB}.Release|Any CPU.Build.0 = Release|Any CPU
		{14811F2C-F3DE-4638-95FD-F74A6C20FDAB}.Release|iPhone.ActiveCfg = Release|Any CPU
		{14811F2C-F3DE-4638-95FD-F74A6C20FDAB}.Release|iPhone.Build.0 = Release|Any CPU
		{14811F2C-F3DE-4638-95FD-F74A6C20FDAB}.Release|iPhoneSimulator.ActiveCfg = Release|Any CPU
		{14811F2C-F3DE-4638-95FD-F74A6C20FDAB}.Release|iPhoneSimulator.Build.0 = Release|Any CPU
		{9AE095ED-B03F-457F-8D74-BE13BB3671B5}.Ad-Hoc|Any CPU.ActiveCfg = Release|Any CPU
		{9AE095ED-B03F-457F-8D74-BE13BB3671B5}.Ad-Hoc|Any CPU.Build.0 = Release|Any CPU
		{9AE095ED-B03F-457F-8D74-BE13BB3671B5}.Ad-Hoc|Any CPU.Deploy.0 = Release|Any CPU
		{9AE095ED-B03F-457F-8D74-BE13BB3671B5}.Ad-Hoc|iPhone.ActiveCfg = Release|Any CPU
		{9AE095ED-B03F-457F-8D74-BE13BB3671B5}.Ad-Hoc|iPhone.Build.0 = Release|Any CPU
		{9AE095ED-B03F-457F-8D74-BE13BB3671B5}.Ad-Hoc|iPhone.Deploy.0 = Release|Any CPU
		{9AE095ED-B03F-457F-8D74-BE13BB3671B5}.Ad-Hoc|iPhoneSimulator.ActiveCfg = Release|Any CPU
		{9AE095ED-B03F-457F-8D74-BE13BB3671B5}.Ad-Hoc|iPhoneSimulator.Build.0 = Release|Any CPU
		{9AE095ED-B03F-457F-8D74-BE13BB3671B5}.Ad-Hoc|iPhoneSimulator.Deploy.0 = Release|Any CPU
		{9AE095ED-B03F-457F-8D74-BE13BB3671B5}.AppStore|Any CPU.ActiveCfg = Release|Any CPU
		{9AE095ED-B03F-457F-8D74-BE13BB3671B5}.AppStore|Any CPU.Build.0 = Release|Any CPU
		{9AE095ED-B03F-457F-8D74-BE13BB3671B5}.AppStore|Any CPU.Deploy.0 = Release|Any CPU
		{9AE095ED-B03F-457F-8D74-BE13BB3671B5}.AppStore|iPhone.ActiveCfg = Release|Any CPU
		{9AE095ED-B03F-457F-8D74-BE13BB3671B5}.AppStore|iPhone.Build.0 = Release|Any CPU
		{9AE095ED-B03F-457F-8D74-BE13BB3671B5}.AppStore|iPhone.Deploy.0 = Release|Any CPU
		{9AE095ED-B03F-457F-8D74-BE13BB3671B5}.AppStore|iPhoneSimulator.ActiveCfg = Release|Any CPU
		{9AE095ED-B03F-457F-8D74-BE13BB3671B5}.AppStore|iPhoneSimulator.Build.0 = Release|Any CPU
		{9AE095ED-B03F-457F-8D74-BE13BB3671B5}.AppStore|iPhoneSimulator.Deploy.0 = Release|Any CPU
		{9AE095ED-B03F-457F-8D74-BE13BB3671B5}.Debug|Any CPU.ActiveCfg = Debug|Any CPU
		{9AE095ED-B03F-457F-8D74-BE13BB3671B5}.Debug|Any CPU.Build.0 = Debug|Any CPU
		{9AE095ED-B03F-457F-8D74-BE13BB3671B5}.Debug|Any CPU.Deploy.0 = Debug|Any CPU
		{9AE095ED-B03F-457F-8D74-BE13BB3671B5}.Debug|iPhone.ActiveCfg = Debug|Any CPU
		{9AE095ED-B03F-457F-8D74-BE13BB3671B5}.Debug|iPhone.Build.0 = Debug|Any CPU
		{9AE095ED-B03F-457F-8D74-BE13BB3671B5}.Debug|iPhone.Deploy.0 = Debug|Any CPU
		{9AE095ED-B03F-457F-8D74-BE13BB3671B5}.Debug|iPhoneSimulator.ActiveCfg = Debug|Any CPU
		{9AE095ED-B03F-457F-8D74-BE13BB3671B5}.Debug|iPhoneSimulator.Build.0 = Debug|Any CPU
		{9AE095ED-B03F-457F-8D74-BE13BB3671B5}.Debug|iPhoneSimulator.Deploy.0 = Debug|Any CPU
		{9AE095ED-B03F-457F-8D74-BE13BB3671B5}.Release|Any CPU.ActiveCfg = Release|Any CPU
		{9AE095ED-B03F-457F-8D74-BE13BB3671B5}.Release|Any CPU.Build.0 = Release|Any CPU
		{9AE095ED-B03F-457F-8D74-BE13BB3671B5}.Release|Any CPU.Deploy.0 = Release|Any CPU
		{9AE095ED-B03F-457F-8D74-BE13BB3671B5}.Release|iPhone.ActiveCfg = Release|Any CPU
		{9AE095ED-B03F-457F-8D74-BE13BB3671B5}.Release|iPhone.Build.0 = Release|Any CPU
		{9AE095ED-B03F-457F-8D74-BE13BB3671B5}.Release|iPhone.Deploy.0 = Release|Any CPU
		{9AE095ED-B03F-457F-8D74-BE13BB3671B5}.Release|iPhoneSimulator.ActiveCfg = Release|Any CPU
		{9AE095ED-B03F-457F-8D74-BE13BB3671B5}.Release|iPhoneSimulator.Build.0 = Release|Any CPU
		{9AE095ED-B03F-457F-8D74-BE13BB3671B5}.Release|iPhoneSimulator.Deploy.0 = Release|Any CPU
		{163D8E41-9144-4EAC-80EB-C3A3ACE05353}.Ad-Hoc|Any CPU.ActiveCfg = Ad-Hoc|iPhone
		{163D8E41-9144-4EAC-80EB-C3A3ACE05353}.Ad-Hoc|iPhone.ActiveCfg = Ad-Hoc|iPhone
		{163D8E41-9144-4EAC-80EB-C3A3ACE05353}.Ad-Hoc|iPhone.Build.0 = Ad-Hoc|iPhone
		{163D8E41-9144-4EAC-80EB-C3A3ACE05353}.Ad-Hoc|iPhoneSimulator.ActiveCfg = Ad-Hoc|iPhoneSimulator
		{163D8E41-9144-4EAC-80EB-C3A3ACE05353}.Ad-Hoc|iPhoneSimulator.Build.0 = Ad-Hoc|iPhoneSimulator
		{163D8E41-9144-4EAC-80EB-C3A3ACE05353}.AppStore|Any CPU.ActiveCfg = AppStore|iPhone
		{163D8E41-9144-4EAC-80EB-C3A3ACE05353}.AppStore|iPhone.ActiveCfg = AppStore|iPhone
		{163D8E41-9144-4EAC-80EB-C3A3ACE05353}.AppStore|iPhone.Build.0 = AppStore|iPhone
		{163D8E41-9144-4EAC-80EB-C3A3ACE05353}.AppStore|iPhoneSimulator.ActiveCfg = AppStore|iPhoneSimulator
		{163D8E41-9144-4EAC-80EB-C3A3ACE05353}.AppStore|iPhoneSimulator.Build.0 = AppStore|iPhoneSimulator
		{163D8E41-9144-4EAC-80EB-C3A3ACE05353}.Debug|Any CPU.ActiveCfg = Debug|iPhone
		{163D8E41-9144-4EAC-80EB-C3A3ACE05353}.Debug|iPhone.ActiveCfg = Debug|iPhone
		{163D8E41-9144-4EAC-80EB-C3A3ACE05353}.Debug|iPhone.Build.0 = Debug|iPhone
		{163D8E41-9144-4EAC-80EB-C3A3ACE05353}.Debug|iPhoneSimulator.ActiveCfg = Debug|iPhoneSimulator
		{163D8E41-9144-4EAC-80EB-C3A3ACE05353}.Debug|iPhoneSimulator.Build.0 = Debug|iPhoneSimulator
		{163D8E41-9144-4EAC-80EB-C3A3ACE05353}.Release|Any CPU.ActiveCfg = Release|iPhone
		{163D8E41-9144-4EAC-80EB-C3A3ACE05353}.Release|iPhone.ActiveCfg = Release|iPhone
		{163D8E41-9144-4EAC-80EB-C3A3ACE05353}.Release|iPhone.Build.0 = Release|iPhone
		{163D8E41-9144-4EAC-80EB-C3A3ACE05353}.Release|iPhoneSimulator.ActiveCfg = Release|iPhoneSimulator
		{163D8E41-9144-4EAC-80EB-C3A3ACE05353}.Release|iPhoneSimulator.Build.0 = Release|iPhoneSimulator
		{D1E128AD-9A09-4CBE-A27C-1CEBCABD64ED}.Ad-Hoc|Any CPU.ActiveCfg = Debug|Any CPU
		{D1E128AD-9A09-4CBE-A27C-1CEBCABD64ED}.Ad-Hoc|Any CPU.Build.0 = Debug|Any CPU
		{D1E128AD-9A09-4CBE-A27C-1CEBCABD64ED}.Ad-Hoc|iPhone.ActiveCfg = Debug|Any CPU
		{D1E128AD-9A09-4CBE-A27C-1CEBCABD64ED}.Ad-Hoc|iPhone.Build.0 = Debug|Any CPU
		{D1E128AD-9A09-4CBE-A27C-1CEBCABD64ED}.Ad-Hoc|iPhoneSimulator.ActiveCfg = Debug|Any CPU
		{D1E128AD-9A09-4CBE-A27C-1CEBCABD64ED}.Ad-Hoc|iPhoneSimulator.Build.0 = Debug|Any CPU
		{D1E128AD-9A09-4CBE-A27C-1CEBCABD64ED}.AppStore|Any CPU.ActiveCfg = Debug|Any CPU
		{D1E128AD-9A09-4CBE-A27C-1CEBCABD64ED}.AppStore|Any CPU.Build.0 = Debug|Any CPU
		{D1E128AD-9A09-4CBE-A27C-1CEBCABD64ED}.AppStore|iPhone.ActiveCfg = Debug|Any CPU
		{D1E128AD-9A09-4CBE-A27C-1CEBCABD64ED}.AppStore|iPhone.Build.0 = Debug|Any CPU
		{D1E128AD-9A09-4CBE-A27C-1CEBCABD64ED}.AppStore|iPhoneSimulator.ActiveCfg = Debug|Any CPU
		{D1E128AD-9A09-4CBE-A27C-1CEBCABD64ED}.AppStore|iPhoneSimulator.Build.0 = Debug|Any CPU
		{D1E128AD-9A09-4CBE-A27C-1CEBCABD64ED}.Debug|Any CPU.ActiveCfg = Debug|Any CPU
		{D1E128AD-9A09-4CBE-A27C-1CEBCABD64ED}.Debug|Any CPU.Build.0 = Debug|Any CPU
		{D1E128AD-9A09-4CBE-A27C-1CEBCABD64ED}.Debug|iPhone.ActiveCfg = Debug|Any CPU
		{D1E128AD-9A09-4CBE-A27C-1CEBCABD64ED}.Debug|iPhone.Build.0 = Debug|Any CPU
		{D1E128AD-9A09-4CBE-A27C-1CEBCABD64ED}.Debug|iPhoneSimulator.ActiveCfg = Debug|Any CPU
		{D1E128AD-9A09-4CBE-A27C-1CEBCABD64ED}.Debug|iPhoneSimulator.Build.0 = Debug|Any CPU
		{D1E128AD-9A09-4CBE-A27C-1CEBCABD64ED}.Release|Any CPU.ActiveCfg = Release|Any CPU
		{D1E128AD-9A09-4CBE-A27C-1CEBCABD64ED}.Release|Any CPU.Build.0 = Release|Any CPU
		{D1E128AD-9A09-4CBE-A27C-1CEBCABD64ED}.Release|iPhone.ActiveCfg = Release|Any CPU
		{D1E128AD-9A09-4CBE-A27C-1CEBCABD64ED}.Release|iPhone.Build.0 = Release|Any CPU
		{D1E128AD-9A09-4CBE-A27C-1CEBCABD64ED}.Release|iPhoneSimulator.ActiveCfg = Release|Any CPU
		{D1E128AD-9A09-4CBE-A27C-1CEBCABD64ED}.Release|iPhoneSimulator.Build.0 = Release|Any CPU
		{EFAD28DE-0A70-443E-BF28-D03CF71BFDC2}.Ad-Hoc|Any CPU.ActiveCfg = Debug|Any CPU
		{EFAD28DE-0A70-443E-BF28-D03CF71BFDC2}.Ad-Hoc|Any CPU.Build.0 = Debug|Any CPU
		{EFAD28DE-0A70-443E-BF28-D03CF71BFDC2}.Ad-Hoc|iPhone.ActiveCfg = Debug|Any CPU
		{EFAD28DE-0A70-443E-BF28-D03CF71BFDC2}.Ad-Hoc|iPhone.Build.0 = Debug|Any CPU
		{EFAD28DE-0A70-443E-BF28-D03CF71BFDC2}.Ad-Hoc|iPhoneSimulator.ActiveCfg = Debug|Any CPU
		{EFAD28DE-0A70-443E-BF28-D03CF71BFDC2}.Ad-Hoc|iPhoneSimulator.Build.0 = Debug|Any CPU
		{EFAD28DE-0A70-443E-BF28-D03CF71BFDC2}.AppStore|Any CPU.ActiveCfg = Debug|Any CPU
		{EFAD28DE-0A70-443E-BF28-D03CF71BFDC2}.AppStore|Any CPU.Build.0 = Debug|Any CPU
		{EFAD28DE-0A70-443E-BF28-D03CF71BFDC2}.AppStore|iPhone.ActiveCfg = Debug|Any CPU
		{EFAD28DE-0A70-443E-BF28-D03CF71BFDC2}.AppStore|iPhone.Build.0 = Debug|Any CPU
		{EFAD28DE-0A70-443E-BF28-D03CF71BFDC2}.AppStore|iPhoneSimulator.ActiveCfg = Debug|Any CPU
		{EFAD28DE-0A70-443E-BF28-D03CF71BFDC2}.AppStore|iPhoneSimulator.Build.0 = Debug|Any CPU
		{EFAD28DE-0A70-443E-BF28-D03CF71BFDC2}.Debug|Any CPU.ActiveCfg = Debug|Any CPU
		{EFAD28DE-0A70-443E-BF28-D03CF71BFDC2}.Debug|Any CPU.Build.0 = Debug|Any CPU
		{EFAD28DE-0A70-443E-BF28-D03CF71BFDC2}.Debug|iPhone.ActiveCfg = Debug|Any CPU
		{EFAD28DE-0A70-443E-BF28-D03CF71BFDC2}.Debug|iPhone.Build.0 = Debug|Any CPU
		{EFAD28DE-0A70-443E-BF28-D03CF71BFDC2}.Debug|iPhoneSimulator.ActiveCfg = Debug|Any CPU
		{EFAD28DE-0A70-443E-BF28-D03CF71BFDC2}.Debug|iPhoneSimulator.Build.0 = Debug|Any CPU
		{EFAD28DE-0A70-443E-BF28-D03CF71BFDC2}.Release|Any CPU.ActiveCfg = Release|Any CPU
		{EFAD28DE-0A70-443E-BF28-D03CF71BFDC2}.Release|Any CPU.Build.0 = Release|Any CPU
		{EFAD28DE-0A70-443E-BF28-D03CF71BFDC2}.Release|iPhone.ActiveCfg = Release|Any CPU
		{EFAD28DE-0A70-443E-BF28-D03CF71BFDC2}.Release|iPhone.Build.0 = Release|Any CPU
		{EFAD28DE-0A70-443E-BF28-D03CF71BFDC2}.Release|iPhoneSimulator.ActiveCfg = Release|Any CPU
		{EFAD28DE-0A70-443E-BF28-D03CF71BFDC2}.Release|iPhoneSimulator.Build.0 = Release|Any CPU
		{E6849B8F-54CE-44DD-956C-3F822FDCDFF0}.Ad-Hoc|Any CPU.ActiveCfg = Debug|Any CPU
		{E6849B8F-54CE-44DD-956C-3F822FDCDFF0}.Ad-Hoc|Any CPU.Build.0 = Debug|Any CPU
		{E6849B8F-54CE-44DD-956C-3F822FDCDFF0}.Ad-Hoc|iPhone.ActiveCfg = Debug|Any CPU
		{E6849B8F-54CE-44DD-956C-3F822FDCDFF0}.Ad-Hoc|iPhone.Build.0 = Debug|Any CPU
		{E6849B8F-54CE-44DD-956C-3F822FDCDFF0}.Ad-Hoc|iPhoneSimulator.ActiveCfg = Debug|Any CPU
		{E6849B8F-54CE-44DD-956C-3F822FDCDFF0}.Ad-Hoc|iPhoneSimulator.Build.0 = Debug|Any CPU
		{E6849B8F-54CE-44DD-956C-3F822FDCDFF0}.AppStore|Any CPU.ActiveCfg = Debug|Any CPU
		{E6849B8F-54CE-44DD-956C-3F822FDCDFF0}.AppStore|Any CPU.Build.0 = Debug|Any CPU
		{E6849B8F-54CE-44DD-956C-3F822FDCDFF0}.AppStore|iPhone.ActiveCfg = Debug|Any CPU
		{E6849B8F-54CE-44DD-956C-3F822FDCDFF0}.AppStore|iPhone.Build.0 = Debug|Any CPU
		{E6849B8F-54CE-44DD-956C-3F822FDCDFF0}.AppStore|iPhoneSimulator.ActiveCfg = Debug|Any CPU
		{E6849B8F-54CE-44DD-956C-3F822FDCDFF0}.AppStore|iPhoneSimulator.Build.0 = Debug|Any CPU
		{E6849B8F-54CE-44DD-956C-3F822FDCDFF0}.Debug|Any CPU.ActiveCfg = Debug|Any CPU
		{E6849B8F-54CE-44DD-956C-3F822FDCDFF0}.Debug|Any CPU.Build.0 = Debug|Any CPU
		{E6849B8F-54CE-44DD-956C-3F822FDCDFF0}.Debug|iPhone.ActiveCfg = Debug|Any CPU
		{E6849B8F-54CE-44DD-956C-3F822FDCDFF0}.Debug|iPhone.Build.0 = Debug|Any CPU
		{E6849B8F-54CE-44DD-956C-3F822FDCDFF0}.Debug|iPhoneSimulator.ActiveCfg = Debug|Any CPU
		{E6849B8F-54CE-44DD-956C-3F822FDCDFF0}.Debug|iPhoneSimulator.Build.0 = Debug|Any CPU
		{E6849B8F-54CE-44DD-956C-3F822FDCDFF0}.Release|Any CPU.ActiveCfg = Release|Any CPU
		{E6849B8F-54CE-44DD-956C-3F822FDCDFF0}.Release|Any CPU.Build.0 = Release|Any CPU
		{E6849B8F-54CE-44DD-956C-3F822FDCDFF0}.Release|iPhone.ActiveCfg = Release|Any CPU
		{E6849B8F-54CE-44DD-956C-3F822FDCDFF0}.Release|iPhone.Build.0 = Release|Any CPU
		{E6849B8F-54CE-44DD-956C-3F822FDCDFF0}.Release|iPhoneSimulator.ActiveCfg = Release|Any CPU
		{E6849B8F-54CE-44DD-956C-3F822FDCDFF0}.Release|iPhoneSimulator.Build.0 = Release|Any CPU
		{3CAB491C-938D-43E6-AD79-94E2A3B07FD0}.Ad-Hoc|Any CPU.ActiveCfg = Debug|Any CPU
		{3CAB491C-938D-43E6-AD79-94E2A3B07FD0}.Ad-Hoc|Any CPU.Build.0 = Debug|Any CPU
		{3CAB491C-938D-43E6-AD79-94E2A3B07FD0}.Ad-Hoc|iPhone.ActiveCfg = Debug|Any CPU
		{3CAB491C-938D-43E6-AD79-94E2A3B07FD0}.Ad-Hoc|iPhone.Build.0 = Debug|Any CPU
		{3CAB491C-938D-43E6-AD79-94E2A3B07FD0}.Ad-Hoc|iPhoneSimulator.ActiveCfg = Debug|Any CPU
		{3CAB491C-938D-43E6-AD79-94E2A3B07FD0}.Ad-Hoc|iPhoneSimulator.Build.0 = Debug|Any CPU
		{3CAB491C-938D-43E6-AD79-94E2A3B07FD0}.AppStore|Any CPU.ActiveCfg = Debug|Any CPU
		{3CAB491C-938D-43E6-AD79-94E2A3B07FD0}.AppStore|Any CPU.Build.0 = Debug|Any CPU
		{3CAB491C-938D-43E6-AD79-94E2A3B07FD0}.AppStore|iPhone.ActiveCfg = Debug|Any CPU
		{3CAB491C-938D-43E6-AD79-94E2A3B07FD0}.AppStore|iPhone.Build.0 = Debug|Any CPU
		{3CAB491C-938D-43E6-AD79-94E2A3B07FD0}.AppStore|iPhoneSimulator.ActiveCfg = Debug|Any CPU
		{3CAB491C-938D-43E6-AD79-94E2A3B07FD0}.AppStore|iPhoneSimulator.Build.0 = Debug|Any CPU
		{3CAB491C-938D-43E6-AD79-94E2A3B07FD0}.Debug|Any CPU.ActiveCfg = Debug|Any CPU
		{3CAB491C-938D-43E6-AD79-94E2A3B07FD0}.Debug|Any CPU.Build.0 = Debug|Any CPU
		{3CAB491C-938D-43E6-AD79-94E2A3B07FD0}.Debug|iPhone.ActiveCfg = Debug|Any CPU
		{3CAB491C-938D-43E6-AD79-94E2A3B07FD0}.Debug|iPhone.Build.0 = Debug|Any CPU
		{3CAB491C-938D-43E6-AD79-94E2A3B07FD0}.Debug|iPhoneSimulator.ActiveCfg = Debug|Any CPU
		{3CAB491C-938D-43E6-AD79-94E2A3B07FD0}.Debug|iPhoneSimulator.Build.0 = Debug|Any CPU
		{3CAB491C-938D-43E6-AD79-94E2A3B07FD0}.Release|Any CPU.ActiveCfg = Release|Any CPU
		{3CAB491C-938D-43E6-AD79-94E2A3B07FD0}.Release|Any CPU.Build.0 = Release|Any CPU
		{3CAB491C-938D-43E6-AD79-94E2A3B07FD0}.Release|iPhone.ActiveCfg = Release|Any CPU
		{3CAB491C-938D-43E6-AD79-94E2A3B07FD0}.Release|iPhone.Build.0 = Release|Any CPU
		{3CAB491C-938D-43E6-AD79-94E2A3B07FD0}.Release|iPhoneSimulator.ActiveCfg = Release|Any CPU
		{3CAB491C-938D-43E6-AD79-94E2A3B07FD0}.Release|iPhoneSimulator.Build.0 = Release|Any CPU
		{4ED6E538-70B0-4A6D-B2F2-39DB3F0C0DC6}.Ad-Hoc|Any CPU.ActiveCfg = Debug|Any CPU
		{4ED6E538-70B0-4A6D-B2F2-39DB3F0C0DC6}.Ad-Hoc|Any CPU.Build.0 = Debug|Any CPU
		{4ED6E538-70B0-4A6D-B2F2-39DB3F0C0DC6}.Ad-Hoc|iPhone.ActiveCfg = Debug|Any CPU
		{4ED6E538-70B0-4A6D-B2F2-39DB3F0C0DC6}.Ad-Hoc|iPhone.Build.0 = Debug|Any CPU
		{4ED6E538-70B0-4A6D-B2F2-39DB3F0C0DC6}.Ad-Hoc|iPhoneSimulator.ActiveCfg = Debug|Any CPU
		{4ED6E538-70B0-4A6D-B2F2-39DB3F0C0DC6}.Ad-Hoc|iPhoneSimulator.Build.0 = Debug|Any CPU
		{4ED6E538-70B0-4A6D-B2F2-39DB3F0C0DC6}.AppStore|Any CPU.ActiveCfg = Debug|Any CPU
		{4ED6E538-70B0-4A6D-B2F2-39DB3F0C0DC6}.AppStore|Any CPU.Build.0 = Debug|Any CPU
		{4ED6E538-70B0-4A6D-B2F2-39DB3F0C0DC6}.AppStore|iPhone.ActiveCfg = Debug|Any CPU
		{4ED6E538-70B0-4A6D-B2F2-39DB3F0C0DC6}.AppStore|iPhone.Build.0 = Debug|Any CPU
		{4ED6E538-70B0-4A6D-B2F2-39DB3F0C0DC6}.AppStore|iPhoneSimulator.ActiveCfg = Debug|Any CPU
		{4ED6E538-70B0-4A6D-B2F2-39DB3F0C0DC6}.AppStore|iPhoneSimulator.Build.0 = Debug|Any CPU
		{4ED6E538-70B0-4A6D-B2F2-39DB3F0C0DC6}.Debug|Any CPU.ActiveCfg = Debug|Any CPU
		{4ED6E538-70B0-4A6D-B2F2-39DB3F0C0DC6}.Debug|Any CPU.Build.0 = Debug|Any CPU
		{4ED6E538-70B0-4A6D-B2F2-39DB3F0C0DC6}.Debug|iPhone.ActiveCfg = Debug|Any CPU
		{4ED6E538-70B0-4A6D-B2F2-39DB3F0C0DC6}.Debug|iPhone.Build.0 = Debug|Any CPU
		{4ED6E538-70B0-4A6D-B2F2-39DB3F0C0DC6}.Debug|iPhoneSimulator.ActiveCfg = Debug|Any CPU
		{4ED6E538-70B0-4A6D-B2F2-39DB3F0C0DC6}.Debug|iPhoneSimulator.Build.0 = Debug|Any CPU
		{4ED6E538-70B0-4A6D-B2F2-39DB3F0C0DC6}.Release|Any CPU.ActiveCfg = Release|Any CPU
		{4ED6E538-70B0-4A6D-B2F2-39DB3F0C0DC6}.Release|Any CPU.Build.0 = Release|Any CPU
		{4ED6E538-70B0-4A6D-B2F2-39DB3F0C0DC6}.Release|iPhone.ActiveCfg = Release|Any CPU
		{4ED6E538-70B0-4A6D-B2F2-39DB3F0C0DC6}.Release|iPhone.Build.0 = Release|Any CPU
		{4ED6E538-70B0-4A6D-B2F2-39DB3F0C0DC6}.Release|iPhoneSimulator.ActiveCfg = Release|Any CPU
		{4ED6E538-70B0-4A6D-B2F2-39DB3F0C0DC6}.Release|iPhoneSimulator.Build.0 = Release|Any CPU
		{A4C9E7A4-DD52-4ED5-B703-83F9CE97784D}.Ad-Hoc|Any CPU.ActiveCfg = Release|Any CPU
		{A4C9E7A4-DD52-4ED5-B703-83F9CE97784D}.Ad-Hoc|Any CPU.Build.0 = Release|Any CPU
		{A4C9E7A4-DD52-4ED5-B703-83F9CE97784D}.Ad-Hoc|iPhone.ActiveCfg = Release|Any CPU
		{A4C9E7A4-DD52-4ED5-B703-83F9CE97784D}.Ad-Hoc|iPhone.Build.0 = Release|Any CPU
		{A4C9E7A4-DD52-4ED5-B703-83F9CE97784D}.Ad-Hoc|iPhoneSimulator.ActiveCfg = Release|Any CPU
		{A4C9E7A4-DD52-4ED5-B703-83F9CE97784D}.Ad-Hoc|iPhoneSimulator.Build.0 = Release|Any CPU
		{A4C9E7A4-DD52-4ED5-B703-83F9CE97784D}.AppStore|Any CPU.ActiveCfg = Release|Any CPU
		{A4C9E7A4-DD52-4ED5-B703-83F9CE97784D}.AppStore|Any CPU.Build.0 = Release|Any CPU
		{A4C9E7A4-DD52-4ED5-B703-83F9CE97784D}.AppStore|iPhone.ActiveCfg = Release|Any CPU
		{A4C9E7A4-DD52-4ED5-B703-83F9CE97784D}.AppStore|iPhone.Build.0 = Release|Any CPU
		{A4C9E7A4-DD52-4ED5-B703-83F9CE97784D}.AppStore|iPhoneSimulator.ActiveCfg = Release|Any CPU
		{A4C9E7A4-DD52-4ED5-B703-83F9CE97784D}.AppStore|iPhoneSimulator.Build.0 = Release|Any CPU
		{A4C9E7A4-DD52-4ED5-B703-83F9CE97784D}.Debug|Any CPU.ActiveCfg = Debug|Any CPU
		{A4C9E7A4-DD52-4ED5-B703-83F9CE97784D}.Debug|Any CPU.Build.0 = Debug|Any CPU
		{A4C9E7A4-DD52-4ED5-B703-83F9CE97784D}.Debug|iPhone.ActiveCfg = Debug|Any CPU
		{A4C9E7A4-DD52-4ED5-B703-83F9CE97784D}.Debug|iPhone.Build.0 = Debug|Any CPU
		{A4C9E7A4-DD52-4ED5-B703-83F9CE97784D}.Debug|iPhoneSimulator.ActiveCfg = Debug|Any CPU
		{A4C9E7A4-DD52-4ED5-B703-83F9CE97784D}.Debug|iPhoneSimulator.Build.0 = Debug|Any CPU
		{A4C9E7A4-DD52-4ED5-B703-83F9CE97784D}.Release|Any CPU.ActiveCfg = Release|Any CPU
		{A4C9E7A4-DD52-4ED5-B703-83F9CE97784D}.Release|Any CPU.Build.0 = Release|Any CPU
		{A4C9E7A4-DD52-4ED5-B703-83F9CE97784D}.Release|iPhone.ActiveCfg = Release|Any CPU
		{A4C9E7A4-DD52-4ED5-B703-83F9CE97784D}.Release|iPhone.Build.0 = Release|Any CPU
		{A4C9E7A4-DD52-4ED5-B703-83F9CE97784D}.Release|iPhoneSimulator.ActiveCfg = Release|Any CPU
		{A4C9E7A4-DD52-4ED5-B703-83F9CE97784D}.Release|iPhoneSimulator.Build.0 = Release|Any CPU
		{D116EA8A-D4DE-4A41-A8B0-736C995B2CF7}.Ad-Hoc|Any CPU.ActiveCfg = Debug|Any CPU
		{D116EA8A-D4DE-4A41-A8B0-736C995B2CF7}.Ad-Hoc|Any CPU.Build.0 = Debug|Any CPU
		{D116EA8A-D4DE-4A41-A8B0-736C995B2CF7}.Ad-Hoc|iPhone.ActiveCfg = Debug|Any CPU
		{D116EA8A-D4DE-4A41-A8B0-736C995B2CF7}.Ad-Hoc|iPhone.Build.0 = Debug|Any CPU
		{D116EA8A-D4DE-4A41-A8B0-736C995B2CF7}.Ad-Hoc|iPhoneSimulator.ActiveCfg = Debug|Any CPU
		{D116EA8A-D4DE-4A41-A8B0-736C995B2CF7}.Ad-Hoc|iPhoneSimulator.Build.0 = Debug|Any CPU
		{D116EA8A-D4DE-4A41-A8B0-736C995B2CF7}.AppStore|Any CPU.ActiveCfg = Debug|Any CPU
		{D116EA8A-D4DE-4A41-A8B0-736C995B2CF7}.AppStore|Any CPU.Build.0 = Debug|Any CPU
		{D116EA8A-D4DE-4A41-A8B0-736C995B2CF7}.AppStore|iPhone.ActiveCfg = Debug|Any CPU
		{D116EA8A-D4DE-4A41-A8B0-736C995B2CF7}.AppStore|iPhone.Build.0 = Debug|Any CPU
		{D116EA8A-D4DE-4A41-A8B0-736C995B2CF7}.AppStore|iPhoneSimulator.ActiveCfg = Debug|Any CPU
		{D116EA8A-D4DE-4A41-A8B0-736C995B2CF7}.AppStore|iPhoneSimulator.Build.0 = Debug|Any CPU
		{D116EA8A-D4DE-4A41-A8B0-736C995B2CF7}.Debug|Any CPU.ActiveCfg = Debug|Any CPU
		{D116EA8A-D4DE-4A41-A8B0-736C995B2CF7}.Debug|Any CPU.Build.0 = Debug|Any CPU
		{D116EA8A-D4DE-4A41-A8B0-736C995B2CF7}.Debug|iPhone.ActiveCfg = Debug|Any CPU
		{D116EA8A-D4DE-4A41-A8B0-736C995B2CF7}.Debug|iPhone.Build.0 = Debug|Any CPU
		{D116EA8A-D4DE-4A41-A8B0-736C995B2CF7}.Debug|iPhoneSimulator.ActiveCfg = Debug|Any CPU
		{D116EA8A-D4DE-4A41-A8B0-736C995B2CF7}.Debug|iPhoneSimulator.Build.0 = Debug|Any CPU
		{D116EA8A-D4DE-4A41-A8B0-736C995B2CF7}.Release|Any CPU.ActiveCfg = Release|Any CPU
		{D116EA8A-D4DE-4A41-A8B0-736C995B2CF7}.Release|Any CPU.Build.0 = Release|Any CPU
		{D116EA8A-D4DE-4A41-A8B0-736C995B2CF7}.Release|iPhone.ActiveCfg = Release|Any CPU
		{D116EA8A-D4DE-4A41-A8B0-736C995B2CF7}.Release|iPhone.Build.0 = Release|Any CPU
		{D116EA8A-D4DE-4A41-A8B0-736C995B2CF7}.Release|iPhoneSimulator.ActiveCfg = Release|Any CPU
		{D116EA8A-D4DE-4A41-A8B0-736C995B2CF7}.Release|iPhoneSimulator.Build.0 = Release|Any CPU
		{D96CC9E4-5055-4FC9-8393-43AF5B760E70}.Ad-Hoc|Any CPU.ActiveCfg = Debug|Any CPU
		{D96CC9E4-5055-4FC9-8393-43AF5B760E70}.Ad-Hoc|Any CPU.Build.0 = Debug|Any CPU
		{D96CC9E4-5055-4FC9-8393-43AF5B760E70}.Ad-Hoc|iPhone.ActiveCfg = Debug|Any CPU
		{D96CC9E4-5055-4FC9-8393-43AF5B760E70}.Ad-Hoc|iPhone.Build.0 = Debug|Any CPU
		{D96CC9E4-5055-4FC9-8393-43AF5B760E70}.Ad-Hoc|iPhoneSimulator.ActiveCfg = Debug|Any CPU
		{D96CC9E4-5055-4FC9-8393-43AF5B760E70}.Ad-Hoc|iPhoneSimulator.Build.0 = Debug|Any CPU
		{D96CC9E4-5055-4FC9-8393-43AF5B760E70}.AppStore|Any CPU.ActiveCfg = Debug|Any CPU
		{D96CC9E4-5055-4FC9-8393-43AF5B760E70}.AppStore|Any CPU.Build.0 = Debug|Any CPU
		{D96CC9E4-5055-4FC9-8393-43AF5B760E70}.AppStore|iPhone.ActiveCfg = Debug|Any CPU
		{D96CC9E4-5055-4FC9-8393-43AF5B760E70}.AppStore|iPhone.Build.0 = Debug|Any CPU
		{D96CC9E4-5055-4FC9-8393-43AF5B760E70}.AppStore|iPhoneSimulator.ActiveCfg = Debug|Any CPU
		{D96CC9E4-5055-4FC9-8393-43AF5B760E70}.AppStore|iPhoneSimulator.Build.0 = Debug|Any CPU
		{D96CC9E4-5055-4FC9-8393-43AF5B760E70}.Debug|Any CPU.ActiveCfg = Debug|Any CPU
		{D96CC9E4-5055-4FC9-8393-43AF5B760E70}.Debug|Any CPU.Build.0 = Debug|Any CPU
		{D96CC9E4-5055-4FC9-8393-43AF5B760E70}.Debug|iPhone.ActiveCfg = Debug|Any CPU
		{D96CC9E4-5055-4FC9-8393-43AF5B760E70}.Debug|iPhone.Build.0 = Debug|Any CPU
		{D96CC9E4-5055-4FC9-8393-43AF5B760E70}.Debug|iPhoneSimulator.ActiveCfg = Debug|Any CPU
		{D96CC9E4-5055-4FC9-8393-43AF5B760E70}.Debug|iPhoneSimulator.Build.0 = Debug|Any CPU
		{D96CC9E4-5055-4FC9-8393-43AF5B760E70}.Release|Any CPU.ActiveCfg = Release|Any CPU
		{D96CC9E4-5055-4FC9-8393-43AF5B760E70}.Release|Any CPU.Build.0 = Release|Any CPU
		{D96CC9E4-5055-4FC9-8393-43AF5B760E70}.Release|iPhone.ActiveCfg = Release|Any CPU
		{D96CC9E4-5055-4FC9-8393-43AF5B760E70}.Release|iPhone.Build.0 = Release|Any CPU
		{D96CC9E4-5055-4FC9-8393-43AF5B760E70}.Release|iPhoneSimulator.ActiveCfg = Release|Any CPU
		{D96CC9E4-5055-4FC9-8393-43AF5B760E70}.Release|iPhoneSimulator.Build.0 = Release|Any CPU
	EndGlobalSection
	GlobalSection(SolutionProperties) = preSolution
		HideSolutionNode = FALSE
	EndGlobalSection
	GlobalSection(NestedProjects) = preSolution
		{43EF02AA-3957-4D3C-8431-ADE032B28D56} = {42D9354E-81D9-4750-91DB-58B8BBA476C4}
		{7197412B-5DA8-481C-BC0B-92FBF10B15F2} = {81432737-1923-4F57-B38E-2802C1188ABB}
		{B07601BE-1700-4DF7-9DC5-5A097626B671} = {81432737-1923-4F57-B38E-2802C1188ABB}
		{14811F2C-F3DE-4638-95FD-F74A6C20FDAB} = {558D3F5D-E737-4219-89DF-946A9E69D778}
		{9AE095ED-B03F-457F-8D74-BE13BB3671B5} = {558D3F5D-E737-4219-89DF-946A9E69D778}
		{163D8E41-9144-4EAC-80EB-C3A3ACE05353} = {558D3F5D-E737-4219-89DF-946A9E69D778}
		{D1E128AD-9A09-4CBE-A27C-1CEBCABD64ED} = {558D3F5D-E737-4219-89DF-946A9E69D778}
		{EFAD28DE-0A70-443E-BF28-D03CF71BFDC2} = {9D0A634D-30F3-46C8-86B3-748F18186722}
		{E6849B8F-54CE-44DD-956C-3F822FDCDFF0} = {9D0A634D-30F3-46C8-86B3-748F18186722}
		{3CAB491C-938D-43E6-AD79-94E2A3B07FD0} = {3F3073EF-88EC-414D-B91F-641AA621C861}
		{4ED6E538-70B0-4A6D-B2F2-39DB3F0C0DC6} = {3F3073EF-88EC-414D-B91F-641AA621C861}
		{A4C9E7A4-DD52-4ED5-B703-83F9CE97784D} = {3F3073EF-88EC-414D-B91F-641AA621C861}
		{D116EA8A-D4DE-4A41-A8B0-736C995B2CF7} = {543A5D9F-36C3-459D-8EF5-A2D102D0050C}
		{D96CC9E4-5055-4FC9-8393-43AF5B760E70} = {543A5D9F-36C3-459D-8EF5-A2D102D0050C}
	EndGlobalSection
	GlobalSection(ExtensibilityGlobals) = postSolution
		SolutionGuid = {BA195EC4-BA2A-480B-A152-71385308CF77}
	EndGlobalSection
EndGlobal
